{
    "version": 3,
    "terraform_version": "0.9.2",
    "serial": 6,
    "lineage": "6156e9ec-125c-4b38-87cd-fad6818d2ebc",
    "modules": [
        {
            "path": [
                "root"
            ],
            "outputs": {
                "EC2_1.dns": {
                    "sensitive": false,
                    "type": "string",
                    "value": "ec2-54-233-146-52.sa-east-1.compute.amazonaws.com"
                },
                "EC2_1.ip": {
                    "sensitive": false,
                    "type": "string",
                    "value": "54.233.146.52"
                },
                "EC2_2.ip": {
                    "sensitive": false,
                    "type": "string",
                    "value": "54.207.83.81"
                },
                "EC_2.dns": {
                    "sensitive": false,
                    "type": "string",
                    "value": "ec2-54-207-83-81.sa-east-1.compute.amazonaws.com"
                },
                "elb_1.dns": {
                    "sensitive": false,
                    "type": "string",
                    "value": "WorkshopELB-759089298.sa-east-1.elb.amazonaws.com"
                }
            },
            "resources": {
                "aws_eip.EC2_1_ip": {
                    "type": "aws_eip",
                    "depends_on": [
                        "aws_instance.EC2_1"
                    ],
                    "primary": {
                        "id": "eipalloc-3cfb9459",
                        "attributes": {
                            "association_id": "eipassoc-7a736f1e",
                            "domain": "vpc",
                            "id": "eipalloc-3cfb9459",
                            "instance": "i-02cd3bf5062816572",
                            "network_interface": "eni-1eace566",
                            "private_ip": "172.31.240.22",
                            "public_ip": "54.233.146.52",
                            "vpc": "true"
                        },
                        "meta": {},
                        "tainted": false
                    },
                    "deposed": [],
                    "provider": ""
                },
                "aws_eip.EC2_2_ip": {
                    "type": "aws_eip",
                    "depends_on": [
                        "aws_instance.EC2_2"
                    ],
                    "primary": {
                        "id": "eipalloc-3ae08f5f",
                        "attributes": {
                            "association_id": "eipassoc-78736f1c",
                            "domain": "vpc",
                            "id": "eipalloc-3ae08f5f",
                            "instance": "i-0999a90d9b89d863f",
                            "network_interface": "eni-da653793",
                            "private_ip": "172.31.230.35",
                            "public_ip": "54.207.83.81",
                            "vpc": "true"
                        },
                        "meta": {},
                        "tainted": false
                    },
                    "deposed": [],
                    "provider": ""
                },
                "aws_elb.elb_1": {
                    "type": "aws_elb",
                    "depends_on": [
                        "aws_instance.EC2_1",
                        "aws_instance.EC2_2",
                        "aws_security_group.elb_access_sg",
                        "aws_subnet.workshop_subnet",
                        "aws_subnet.workshop_subnet_2"
                    ],
                    "primary": {
                        "id": "WorkshopELB",
                        "attributes": {
                            "access_logs.#": "0",
                            "availability_zones.#": "2",
                            "availability_zones.1542137131": "sa-east-1a",
                            "availability_zones.3269620881": "sa-east-1b",
                            "connection_draining": "false",
                            "connection_draining_timeout": "300",
                            "cross_zone_load_balancing": "true",
                            "dns_name": "WorkshopELB-759089298.sa-east-1.elb.amazonaws.com",
                            "health_check.#": "1",
                            "health_check.0.healthy_threshold": "2",
                            "health_check.0.interval": "10",
                            "health_check.0.target": "TCP:4567",
                            "health_check.0.timeout": "5",
                            "health_check.0.unhealthy_threshold": "2",
                            "id": "WorkshopELB",
                            "idle_timeout": "60",
                            "instances.#": "2",
                            "instances.1085923678": "i-0999a90d9b89d863f",
                            "instances.2298769564": "i-02cd3bf5062816572",
                            "internal": "false",
                            "listener.#": "1",
                            "listener.1387527440.instance_port": "4567",
                            "listener.1387527440.instance_protocol": "http",
                            "listener.1387527440.lb_port": "80",
                            "listener.1387527440.lb_protocol": "http",
                            "listener.1387527440.ssl_certificate_id": "",
                            "name": "WorkshopELB",
                            "security_groups.#": "1",
                            "security_groups.3873621778": "sg-2cd2c148",
                            "source_security_group": "909204795480/elb_access",
                            "source_security_group_id": "sg-2cd2c148",
                            "subnets.#": "2",
                            "subnets.1385664215": "subnet-73565917",
                            "subnets.3492174348": "subnet-829336f4",
                            "tags.%": "0",
                            "zone_id": "Z2P70J7HTTTPLU"
                        },
                        "meta": {},
                        "tainted": false
                    },
                    "deposed": [],
                    "provider": ""
                },
                "aws_instance.EC2_1": {
                    "type": "aws_instance",
                    "depends_on": [
                        "aws_security_group.ec2_access_sg",
                        "aws_subnet.workshop_subnet"
                    ],
                    "primary": {
                        "id": "i-02cd3bf5062816572",
                        "attributes": {
                            "ami": "ami-ff861c93",
                            "associate_public_ip_address": "true",
                            "availability_zone": "sa-east-1a",
                            "disable_api_termination": "false",
                            "ebs_block_device.#": "0",
                            "ebs_optimized": "false",
                            "ephemeral_block_device.#": "0",
                            "iam_instance_profile": "",
                            "id": "i-02cd3bf5062816572",
                            "instance_state": "running",
                            "instance_type": "t2.micro",
                            "ipv6_address_count": "0",
                            "ipv6_addresses.#": "0",
                            "key_name": "EC2_key_pair",
                            "monitoring": "false",
                            "network_interface_id": "eni-1eace566",
                            "private_dns": "ip-172-31-240-22.sa-east-1.compute.internal",
                            "private_ip": "172.31.240.22",
                            "public_dns": "ec2-54-233-146-52.sa-east-1.compute.amazonaws.com",
                            "public_ip": "54.233.146.52",
                            "root_block_device.#": "1",
                            "root_block_device.0.delete_on_termination": "true",
                            "root_block_device.0.iops": "100",
                            "root_block_device.0.volume_size": "8",
                            "root_block_device.0.volume_type": "gp2",
                            "security_groups.#": "0",
                            "source_dest_check": "true",
                            "subnet_id": "subnet-73565917",
                            "tags.%": "1",
                            "tags.Name": "EC2 Instance 01",
                            "tenancy": "default",
                            "vpc_security_group_ids.#": "1",
                            "vpc_security_group_ids.2303853214": "sg-a3d6c5c7"
                        },
                        "meta": {
                            "schema_version": "1"
                        },
                        "tainted": false
                    },
                    "deposed": [],
                    "provider": ""
                },
                "aws_instance.EC2_2": {
                    "type": "aws_instance",
                    "depends_on": [
                        "aws_security_group.ec2_access_sg",
                        "aws_subnet.workshop_subnet_2"
                    ],
                    "primary": {
                        "id": "i-0999a90d9b89d863f",
                        "attributes": {
                            "ami": "ami-ff861c93",
                            "associate_public_ip_address": "true",
                            "availability_zone": "sa-east-1b",
                            "disable_api_termination": "false",
                            "ebs_block_device.#": "0",
                            "ebs_optimized": "false",
                            "ephemeral_block_device.#": "0",
                            "iam_instance_profile": "",
                            "id": "i-0999a90d9b89d863f",
                            "instance_state": "running",
                            "instance_type": "t2.micro",
                            "ipv6_address_count": "0",
                            "ipv6_addresses.#": "0",
                            "key_name": "EC2_key_pair",
                            "monitoring": "false",
                            "network_interface_id": "eni-da653793",
                            "private_dns": "ip-172-31-230-35.sa-east-1.compute.internal",
                            "private_ip": "172.31.230.35",
                            "public_dns": "ec2-54-207-83-81.sa-east-1.compute.amazonaws.com",
                            "public_ip": "54.207.83.81",
                            "root_block_device.#": "1",
                            "root_block_device.0.delete_on_termination": "true",
                            "root_block_device.0.iops": "100",
                            "root_block_device.0.volume_size": "8",
                            "root_block_device.0.volume_type": "gp2",
                            "security_groups.#": "0",
                            "source_dest_check": "true",
                            "subnet_id": "subnet-829336f4",
                            "tags.%": "1",
                            "tags.Name": "EC2 Instance 02",
                            "tenancy": "default",
                            "vpc_security_group_ids.#": "1",
                            "vpc_security_group_ids.2303853214": "sg-a3d6c5c7"
                        },
                        "meta": {
                            "schema_version": "1"
                        },
                        "tainted": false
                    },
                    "deposed": [],
                    "provider": ""
                },
                "aws_internet_gateway.workshop_inet_gw": {
                    "type": "aws_internet_gateway",
                    "depends_on": [
                        "aws_vpc.workshop_vpc"
                    ],
                    "primary": {
                        "id": "igw-b8d795dd",
                        "attributes": {
                            "id": "igw-b8d795dd",
                            "tags.%": "1",
                            "tags.Name": "workshop_inet_gw",
                            "vpc_id": "vpc-2fab344b"
                        },
                        "meta": {},
                        "tainted": false
                    },
                    "deposed": [],
                    "provider": ""
                },
                "aws_key_pair.EC2_key_pair": {
                    "type": "aws_key_pair",
                    "depends_on": [],
                    "primary": {
                        "id": "EC2_key_pair",
                        "attributes": {
                            "fingerprint": "4a:cd:43:1e:3e:18:6d:a1:24:c6:ba:2a:6f:85:31:6c",
                            "id": "EC2_key_pair",
                            "key_name": "EC2_key_pair",
                            "public_key": "ssh-rsa AAAAB3NzaC1yc2EAAAABJQAAAQEAkcEeHswmrlJI8gfr4Xt+vp+xGhIIBu620tMghv27lIfCM5yObwPNA39WM3VmyQmw+fmmjLfrg23AIoH7U4CIEdFZ4PhvOusAX2oIQ2j1O3co4kKXq7ou7Y4yI91lK6G0G+p5KP03ccGfyJCoYKSkgBfOr1RCgRDmODV3x8+gIzF+9jJ3OY5In0pBrbDlXc7iJEK3TgZHI4yPJAH4YpT38Z/zO1vgHBuB+hIRrP6W2YEgnAkbg9bY2DkM3SwRXV+sUCs0HNRtius4EoeLCo9onqjTdizFNVk4MkUHWg1TKE+yf+y62zf0SaBIG8XYwCBVhCRKJ+SPYJlHFzS+ffJo/w== rsa-key-20160319"
                        },
                        "meta": {
                            "schema_version": "1"
                        },
                        "tainted": false
                    },
                    "deposed": [],
                    "provider": ""
                },
                "aws_main_route_table_association.roa": {
                    "type": "aws_main_route_table_association",
                    "depends_on": [
                        "aws_route_table.workshop_route_tb",
                        "aws_vpc.workshop_vpc"
                    ],
                    "primary": {
                        "id": "rtbassoc-2c0b1648",
                        "attributes": {
                            "id": "rtbassoc-2c0b1648",
                            "original_route_table_id": "rtb-184cf07c",
                            "route_table_id": "rtb-6556ea01",
                            "vpc_id": "vpc-2fab344b"
                        },
                        "meta": {},
                        "tainted": false
                    },
                    "deposed": [],
                    "provider": ""
                },
                "aws_network_acl_rule.workshop_net_acl_allow_all_out": {
                    "type": "aws_network_acl_rule",
                    "depends_on": [
                        "aws_vpc.workshop_vpc"
                    ],
                    "primary": {
                        "id": "nacl-3296551751",
                        "attributes": {
                            "cidr_block": "0.0.0.0/0",
                            "egress": "true",
                            "id": "nacl-3296551751",
                            "ipv6_cidr_block": "",
                            "network_acl_id": "acl-5514a531",
                            "protocol": "all",
                            "rule_action": "allow",
                            "rule_number": "100"
                        },
                        "meta": {},
                        "tainted": false
                    },
                    "deposed": [],
                    "provider": ""
                },
                "aws_network_acl_rule.workshop_net_acl_allow_http_in": {
                    "type": "aws_network_acl_rule",
                    "depends_on": [
                        "aws_vpc.workshop_vpc"
                    ],
                    "primary": {
                        "id": "nacl-3639743403",
                        "attributes": {
                            "cidr_block": "0.0.0.0/0",
                            "egress": "false",
                            "from_port": "80",
                            "id": "nacl-3639743403",
                            "ipv6_cidr_block": "",
                            "network_acl_id": "acl-5514a531",
                            "protocol": "tcp",
                            "rule_action": "allow",
                            "rule_number": "200",
                            "to_port": "80"
                        },
                        "meta": {},
                        "tainted": false
                    },
                    "deposed": [],
                    "provider": ""
                },
                "aws_network_acl_rule.workshop_net_acl_allow_ssh_in": {
                    "type": "aws_network_acl_rule",
                    "depends_on": [
                        "aws_vpc.workshop_vpc"
                    ],
                    "primary": {
                        "id": "nacl-1174270685",
                        "attributes": {
                            "cidr_block": "0.0.0.0/0",
                            "egress": "false",
                            "from_port": "22",
                            "id": "nacl-1174270685",
                            "ipv6_cidr_block": "",
                            "network_acl_id": "acl-5514a531",
                            "protocol": "tcp",
                            "rule_action": "allow",
                            "rule_number": "300",
                            "to_port": "22"
                        },
                        "meta": {},
                        "tainted": false
                    },
                    "deposed": [],
                    "provider": ""
                },
                "aws_route.inet_route": {
                    "type": "aws_route",
                    "depends_on": [
                        "aws_internet_gateway.workshop_inet_gw",
                        "aws_route_table.workshop_route_tb"
                    ],
                    "primary": {
                        "id": "r-rtb-6556ea011080289494",
                        "attributes": {
                            "destination_cidr_block": "0.0.0.0/0",
                            "destination_prefix_list_id": "",
                            "egress_only_gateway_id": "",
                            "gateway_id": "igw-b8d795dd",
                            "id": "r-rtb-6556ea011080289494",
                            "instance_id": "",
                            "instance_owner_id": "",
                            "nat_gateway_id": "",
                            "network_interface_id": "",
                            "origin": "CreateRoute",
                            "route_table_id": "rtb-6556ea01",
                            "state": "active",
                            "vpc_peering_connection_id": ""
                        },
                        "meta": {},
                        "tainted": false
                    },
                    "deposed": [],
                    "provider": ""
                },
                "aws_route_table.workshop_route_tb": {
                    "type": "aws_route_table",
                    "depends_on": [
                        "aws_vpc.workshop_vpc"
                    ],
                    "primary": {
                        "id": "rtb-6556ea01",
                        "attributes": {
                            "id": "rtb-6556ea01",
                            "propagating_vgws.#": "0",
                            "route.#": "1",
                            "route.1539682876.cidr_block": "0.0.0.0/0",
                            "route.1539682876.egress_only_gateway_id": "",
                            "route.1539682876.gateway_id": "igw-b8d795dd",
                            "route.1539682876.instance_id": "",
                            "route.1539682876.ipv6_cidr_block": "",
                            "route.1539682876.nat_gateway_id": "",
                            "route.1539682876.network_interface_id": "",
                            "route.1539682876.vpc_peering_connection_id": "",
                            "tags.%": "1",
                            "tags.Name": "workshop_route_tb",
                            "vpc_id": "vpc-2fab344b"
                        },
                        "meta": {},
                        "tainted": false
                    },
                    "deposed": [],
                    "provider": ""
                },
                "aws_route_table_association.a": {
                    "type": "aws_route_table_association",
                    "depends_on": [
                        "aws_route_table.workshop_route_tb",
                        "aws_subnet.workshop_subnet"
                    ],
                    "primary": {
                        "id": "rtbassoc-210c1145",
                        "attributes": {
                            "id": "rtbassoc-210c1145",
                            "route_table_id": "rtb-6556ea01",
                            "subnet_id": "subnet-73565917"
                        },
                        "meta": {},
                        "tainted": false
                    },
                    "deposed": [],
                    "provider": ""
                },
                "aws_route_table_association.b": {
                    "type": "aws_route_table_association",
                    "depends_on": [
                        "aws_route_table.workshop_route_tb",
                        "aws_subnet.workshop_subnet_2"
                    ],
                    "primary": {
                        "id": "rtbassoc-37091453",
                        "attributes": {
                            "id": "rtbassoc-37091453",
                            "route_table_id": "rtb-6556ea01",
                            "subnet_id": "subnet-829336f4"
                        },
                        "meta": {},
                        "tainted": false
                    },
                    "deposed": [],
                    "provider": ""
                },
                "aws_security_group.ec2_access_sg": {
                    "type": "aws_security_group",
                    "depends_on": [
                        "aws_vpc.workshop_vpc"
                    ],
                    "primary": {
                        "id": "sg-a3d6c5c7",
                        "attributes": {
                            "description": "grants access to ssh port 22",
                            "egress.#": "1",
                            "egress.482069346.cidr_blocks.#": "1",
                            "egress.482069346.cidr_blocks.0": "0.0.0.0/0",
                            "egress.482069346.from_port": "0",
                            "egress.482069346.ipv6_cidr_blocks.#": "0",
                            "egress.482069346.prefix_list_ids.#": "0",
                            "egress.482069346.protocol": "-1",
                            "egress.482069346.security_groups.#": "0",
                            "egress.482069346.self": "false",
                            "egress.482069346.to_port": "0",
                            "id": "sg-a3d6c5c7",
                            "ingress.#": "1",
                            "ingress.2541437006.cidr_blocks.#": "1",
                            "ingress.2541437006.cidr_blocks.0": "0.0.0.0/0",
                            "ingress.2541437006.from_port": "22",
                            "ingress.2541437006.ipv6_cidr_blocks.#": "0",
                            "ingress.2541437006.protocol": "tcp",
                            "ingress.2541437006.security_groups.#": "0",
                            "ingress.2541437006.self": "false",
                            "ingress.2541437006.to_port": "22",
                            "name": "ec2_access",
                            "owner_id": "909204795480",
                            "tags.%": "1",
                            "tags.Name": "ec2_access",
                            "vpc_id": "vpc-2fab344b"
                        },
                        "meta": {},
                        "tainted": false
                    },
                    "deposed": [],
                    "provider": ""
                },
                "aws_security_group.elb_access_sg": {
                    "type": "aws_security_group",
                    "depends_on": [
                        "aws_vpc.workshop_vpc"
                    ],
                    "primary": {
                        "id": "sg-2cd2c148",
                        "attributes": {
                            "description": "Gives access to the ELB through HTTP 80",
                            "egress.#": "1",
                            "egress.482069346.cidr_blocks.#": "1",
                            "egress.482069346.cidr_blocks.0": "0.0.0.0/0",
                            "egress.482069346.from_port": "0",
                            "egress.482069346.ipv6_cidr_blocks.#": "0",
                            "egress.482069346.prefix_list_ids.#": "0",
                            "egress.482069346.protocol": "-1",
                            "egress.482069346.security_groups.#": "0",
                            "egress.482069346.self": "false",
                            "egress.482069346.to_port": "0",
                            "id": "sg-2cd2c148",
                            "ingress.#": "1",
                            "ingress.2214680975.cidr_blocks.#": "1",
                            "ingress.2214680975.cidr_blocks.0": "0.0.0.0/0",
                            "ingress.2214680975.from_port": "80",
                            "ingress.2214680975.ipv6_cidr_blocks.#": "0",
                            "ingress.2214680975.protocol": "tcp",
                            "ingress.2214680975.security_groups.#": "0",
                            "ingress.2214680975.self": "false",
                            "ingress.2214680975.to_port": "80",
                            "name": "elb_access",
                            "owner_id": "909204795480",
                            "tags.%": "1",
                            "tags.Name": "elb_access",
                            "vpc_id": "vpc-2fab344b"
                        },
                        "meta": {},
                        "tainted": false
                    },
                    "deposed": [],
                    "provider": ""
                },
                "aws_security_group_rule.ec2_elb_access_sg": {
                    "type": "aws_security_group_rule",
                    "depends_on": [
                        "aws_security_group.ec2_access_sg",
                        "aws_security_group.elb_access_sg"
                    ],
                    "primary": {
                        "id": "sgrule-1201838287",
                        "attributes": {
                            "from_port": "4567",
                            "id": "sgrule-1201838287",
                            "protocol": "tcp",
                            "security_group_id": "sg-a3d6c5c7",
                            "self": "false",
                            "source_security_group_id": "sg-2cd2c148",
                            "to_port": "4567",
                            "type": "ingress"
                        },
                        "meta": {
                            "schema_version": "2"
                        },
                        "tainted": false
                    },
                    "deposed": [],
                    "provider": ""
                },
                "aws_subnet.workshop_subnet": {
                    "type": "aws_subnet",
                    "depends_on": [
                        "aws_vpc.workshop_vpc"
                    ],
                    "primary": {
                        "id": "subnet-73565917",
                        "attributes": {
                            "assign_ipv6_address_on_creation": "false",
                            "availability_zone": "sa-east-1a",
                            "cidr_block": "172.31.240.0/24",
                            "id": "subnet-73565917",
                            "map_public_ip_on_launch": "true",
                            "tags.%": "1",
                            "tags.Name": "workshop_subnet",
                            "vpc_id": "vpc-2fab344b"
                        },
                        "meta": {},
                        "tainted": false
                    },
                    "deposed": [],
                    "provider": ""
                },
                "aws_subnet.workshop_subnet_2": {
                    "type": "aws_subnet",
                    "depends_on": [
                        "aws_vpc.workshop_vpc"
                    ],
                    "primary": {
                        "id": "subnet-829336f4",
                        "attributes": {
                            "assign_ipv6_address_on_creation": "false",
                            "availability_zone": "sa-east-1b",
                            "cidr_block": "172.31.230.0/24",
                            "id": "subnet-829336f4",
                            "map_public_ip_on_launch": "true",
                            "tags.%": "1",
                            "tags.Name": "workshop_subnet_2",
                            "vpc_id": "vpc-2fab344b"
                        },
                        "meta": {},
                        "tainted": false
                    },
                    "deposed": [],
                    "provider": ""
                },
                "aws_vpc.workshop_vpc": {
                    "type": "aws_vpc",
                    "depends_on": [],
                    "primary": {
                        "id": "vpc-2fab344b",
                        "attributes": {
                            "assign_generated_ipv6_cidr_block": "false",
                            "cidr_block": "172.31.0.0/16",
                            "default_network_acl_id": "acl-5514a531",
                            "default_route_table_id": "rtb-6556ea01",
                            "default_security_group_id": "sg-2fd4c74b",
                            "dhcp_options_id": "dopt-f511fc90",
                            "enable_classiclink": "false",
                            "enable_dns_hostnames": "true",
                            "enable_dns_support": "true",
                            "id": "vpc-2fab344b",
                            "instance_tenancy": "default",
                            "main_route_table_id": "rtb-6556ea01",
                            "tags.%": "1",
                            "tags.Name": "workshop_vpc"
                        },
                        "meta": {
                            "schema_version": "1"
                        },
                        "tainted": false
                    },
                    "deposed": [],
                    "provider": ""
                }
            },
            "depends_on": []
        }
    ]
}
